
Microsoft Visual Studio Solution File, Format Version 12.00
# Visual Studio Version 16
VisualStudioVersion = 16.0.30320.27
MinimumVisualStudioVersion = 10.0.40219.1
Project("{FAE04EC0-301F-11D3-BF4B-00C04F79EFBC}") = "Generic.Importer", "Generic.Importer\Generic.Importer.csproj", "{37337469-A3A8-4594-97B0-6BAE520815B5}"
EndProject
Project("{FAE04EC0-301F-11D3-BF4B-00C04F79EFBC}") = "Generic.Importer.Console", "Generic.Importer.Console\Generic.Importer.Console.csproj", "{FB2FFA53-9147-47A6-9462-F8210364985C}"
EndProject
Project("{FAE04EC0-301F-11D3-BF4B-00C04F79EFBC}") = "Generic.Importer.Service.Customer1", "Generic.Importer.Service.Customer1\Generic.Importer.Service.Customer1.csproj", "{E5EC1EFA-1B3C-4210-AABE-F53A78ED4C43}"
EndProject
Project("{FAE04EC0-301F-11D3-BF4B-00C04F79EFBC}") = "Generic.Importer.Service.Customer2", "Generic.Importer.Service.Customer2\Generic.Importer.Service.Customer2.csproj", "{6F1F816D-473E-4582-9E0B-B6A8316AC115}"
EndProject
Project("{FAE04EC0-301F-11D3-BF4B-00C04F79EFBC}") = "Generic.Importer.Service.Customer3", "Generic.Importer.Service.Customer3\Generic.Importer.Service.Customer3.csproj", "{5AE2566F-324B-42E6-AF01-BE5FFEADFB8C}"
EndProject
Global
	GlobalSection(SolutionConfigurationPlatforms) = preSolution
		Debug|Any CPU = Debug|Any CPU
		Release|Any CPU = Release|Any CPU
	EndGlobalSection
	GlobalSection(ProjectConfigurationPlatforms) = postSolution
		{37337469-A3A8-4594-97B0-6BAE520815B5}.Debug|Any CPU.ActiveCfg = Debug|Any CPU
		{37337469-A3A8-4594-97B0-6BAE520815B5}.Debug|Any CPU.Build.0 = Debug|Any CPU
		{37337469-A3A8-4594-97B0-6BAE520815B5}.Release|Any CPU.ActiveCfg = Release|Any CPU
		{37337469-A3A8-4594-97B0-6BAE520815B5}.Release|Any CPU.Build.0 = Release|Any CPU
		{FB2FFA53-9147-47A6-9462-F8210364985C}.Debug|Any CPU.ActiveCfg = Debug|Any CPU
		{FB2FFA53-9147-47A6-9462-F8210364985C}.Debug|Any CPU.Build.0 = Debug|Any CPU
		{FB2FFA53-9147-47A6-9462-F8210364985C}.Release|Any CPU.ActiveCfg = Release|Any CPU
		{FB2FFA53-9147-47A6-9462-F8210364985C}.Release|Any CPU.Build.0 = Release|Any CPU
		{E5EC1EFA-1B3C-4210-AABE-F53A78ED4C43}.Debug|Any CPU.ActiveCfg = Debug|Any CPU
		{E5EC1EFA-1B3C-4210-AABE-F53A78ED4C43}.Debug|Any CPU.Build.0 = Debug|Any CPU
		{E5EC1EFA-1B3C-4210-AABE-F53A78ED4C43}.Release|Any CPU.ActiveCfg = Release|Any CPU
		{E5EC1EFA-1B3C-4210-AABE-F53A78ED4C43}.Release|Any CPU.Build.0 = Release|Any CPU
		{6F1F816D-473E-4582-9E0B-B6A8316AC115}.Debug|Any CPU.ActiveCfg = Debug|Any CPU
		{6F1F816D-473E-4582-9E0B-B6A8316AC115}.Debug|Any CPU.Build.0 = Debug|Any CPU
		{6F1F816D-473E-4582-9E0B-B6A8316AC115}.Release|Any CPU.ActiveCfg = Release|Any CPU
		{6F1F816D-473E-4582-9E0B-B6A8316AC115}.Release|Any CPU.Build.0 = Release|Any CPU
		{5AE2566F-324B-42E6-AF01-BE5FFEADFB8C}.Debug|Any CPU.ActiveCfg = Debug|Any CPU
		{5AE2566F-324B-42E6-AF01-BE5FFEADFB8C}.Debug|Any CPU.Build.0 = Debug|Any CPU
		{5AE2566F-324B-42E6-AF01-BE5FFEADFB8C}.Release|Any CPU.ActiveCfg = Release|Any CPU
		{5AE2566F-324B-42E6-AF01-BE5FFEADFB8C}.Release|Any CPU.Build.0 = Release|Any CPU
	EndGlobalSection
	GlobalSection(SolutionProperties) = preSolution
		HideSolutionNode = FALSE
	EndGlobalSection
	GlobalSection(ExtensibilityGlobals) = postSolution
		SolutionGuid = {9D289959-D4DC-4A34-B7FA-D37EAE5E629A}
	EndGlobalSection
EndGlobal
